# THIS IS AN AUTOGENERATED FILE. DO NOT EDIT THIS FILE DIRECTLY.
# yarn lockfile v1


"@types/js-cookie@^2.2.2":
  version "2.2.2"
  resolved "https://registry.yarnpkg.com/@types/js-cookie/-/js-cookie-2.2.2.tgz#84e8848e14d44418726ceb52dd887c7bfe45d678"
  integrity sha512-vkuGzldF9mNsWS9cmmMFfW1rufa7IdPUorS150gKoU/2fzLJ/0LXiMMtRqIBWz0sZ/VF2VxwB25WXEOo6akU6w==

js-cookie@^2.2.1:
  version "2.2.1"
  resolved "https://registry.yarnpkg.com/js-cookie/-/js-cookie-2.2.1.tgz#69e106dc5d5806894562902aa5baec3744e9b2b8"
  integrity sha512-HvdH2LzI/EAZcUwA8+0nKNtWHqS+ZmijLA30RwZA0bo7ToCckjK5MkGhjED9KoRcXO6BaGI3I9UIzSA1FKFPOQ==
